// !$*UTF8*$!
{
	archiveVersion = 1;
	classes = {
	};
	objectVersion = 50;
	objects = {

/* Begin PBXBuildFile section */
		1A9B9AF22432032D00CC50B0 /* AppDelegate.swift in Sources */ = {isa = PBXBuildFile; fileRef = 1A9B9AF12432032D00CC50B0 /* AppDelegate.swift */; };
		1A9B9AF62432032D00CC50B0 /* ViewController.swift in Sources */ = {isa = PBXBuildFile; fileRef = 1A9B9AF52432032D00CC50B0 /* ViewController.swift */; };
		1A9B9AF92432032D00CC50B0 /* Main.storyboard in Resources */ = {isa = PBXBuildFile; fileRef = 1A9B9AF72432032D00CC50B0 /* Main.storyboard */; };
		1A9B9AFB2432033100CC50B0 /* Assets.xcassets in Resources */ = {isa = PBXBuildFile; fileRef = 1A9B9AFA2432033100CC50B0 /* Assets.xcassets */; };
		1A9B9AFE2432033100CC50B0 /* LaunchScreen.storyboard in Resources */ = {isa = PBXBuildFile; fileRef = 1A9B9AFC2432033100CC50B0 /* LaunchScreen.storyboard */; };
		1A9B9B132433059800CC50B0 /* LineTextField.framework in Frameworks */ = {isa = PBXBuildFile; fileRef = 1A9B9B122433059800CC50B0 /* LineTextField.framework */; };
		1A9B9B142433059800CC50B0 /* LineTextField.framework in Embed Frameworks */ = {isa = PBXBuildFile; fileRef = 1A9B9B122433059800CC50B0 /* LineTextField.framework */; settings = {ATTRIBUTES = (CodeSignOnCopy, RemoveHeadersOnCopy, ); }; };
/* End PBXBuildFile section */

/* Begin PBXCopyFilesBuildPhase section */
		1A9B9B152433059800CC50B0 /* Embed Frameworks */ = {
			isa = PBXCopyFilesBuildPhase;
			buildActionMask = 2147483647;
			dstPath = "";
			dstSubfolderSpec = 10;
			files = (
				1A9B9B142433059800CC50B0 /* LineTextField.framework in Embed Frameworks */,
			);
			name = "Embed Frameworks";
			runOnlyForDeploymentPostprocessing = 0;
		};
/* End PBXCopyFilesBuildPhase section */

/* Begin PBXFileReference section */
		1A9B9AEE2432032D00CC50B0 /* LineTextFieldExample.app */ = {isa = PBXFileReference; explicitFileType = wrapper.application; includeInIndex = 0; path = LineTextFieldExample.app; sourceTree = BUILT_PRODUCTS_DIR; };
		1A9B9AF12432032D00CC50B0 /* AppDelegate.swift */ = {isa = PBXFileReference; lastKnownFileType = sourcecode.swift; path = AppDelegate.swift; sourceTree = "<group>"; };
		1A9B9AF52432032D00CC50B0 /* ViewController.swift */ = {isa = PBXFileReference; lastKnownFileType = sourcecode.swift; path = ViewController.swift; sourceTree = "<group>"; };
		1A9B9AF82432032D00CC50B0 /* Base */ = {isa = PBXFileReference; lastKnownFileType = file.storyboard; name = Base; path = Base.lproj/Main.storyboard; sourceTree = "<group>"; };
		1A9B9AFA2432033100CC50B0 /* Assets.xcassets */ = {isa = PBXFileReference; lastKnownFileType = folder.assetcatalog; path = Assets.xcassets; sourceTree = "<group>"; };
		1A9B9AFD2432033100CC50B0 /* Base */ = {isa = PBXFileReference; lastKnownFileType = file.storyboard; name = Base; path = Base.lproj/LaunchScreen.storyboard; sourceTree = "<group>"; };
		1A9B9AFF2432033100CC50B0 /* Info.plist */ = {isa = PBXFileReference; lastKnownFileType = text.plist.xml; path = Info.plist; sourceTree = "<group>"; };
		1A9B9B122433059800CC50B0 /* LineTextField.framework */ = {isa = PBXFileReference; explicitFileType = wrapper.framework; path = LineTextField.framework; sourceTree = BUILT_PRODUCTS_DIR; };
/* End PBXFileReference section */

/* Begin PBXFrameworksBuildPhase section */
		1A9B9AEB2432032D00CC50B0 /* Frameworks */ = {
			isa = PBXFrameworksBuildPhase;
			buildActionMask = 2147483647;
			files = (
				1A9B9B132433059800CC50B0 /* LineTextField.framework in Frameworks */,
			);
			runOnlyForDeploymentPostprocessing = 0;
		};
/* End PBXFrameworksBuildPhase section */

/* Begin PBXGroup section */
		1A9B9AE52432032D00CC50B0 = {
			isa = PBXGroup;
			children = (
				1A9B9AF02432032D00CC50B0 /* LineTextFieldExample */,
				1A9B9AEF2432032D00CC50B0 /* Products */,
				1A9B9B112433059800CC50B0 /* Frameworks */,
			);
			sourceTree = "<group>";
		};
		1A9B9AEF2432032D00CC50B0 /* Products */ = {
			isa = PBXGroup;
			children = (
				1A9B9AEE2432032D00CC50B0 /* LineTextFieldExample.app */,
			);
			name = Products;
			sourceTree = "<group>";
		};
		1A9B9AF02432032D00CC50B0 /* LineTextFieldExample */ = {
			isa = PBXGroup;
			children = (
				1A9B9AF12432032D00CC50B0 /* AppDelegate.swift */,
				1A9B9AF52432032D00CC50B0 /* ViewController.swift */,
				1A9B9AF72432032D00CC50B0 /* Main.storyboard */,
				1A9B9AFA2432033100CC50B0 /* Assets.xcassets */,
				1A9B9AFC2432033100CC50B0 /* LaunchScreen.storyboard */,
				1A9B9AFF2432033100CC50B0 /* Info.plist */,
			);
			path = LineTextFieldExample;
			sourceTree = "<group>";
		};
		1A9B9B112433059800CC50B0 /* Frameworks */ = {
			isa = PBXGroup;
			children = (
				1A9B9B122433059800CC50B0 /* LineTextField.framework */,
			);
			name = Frameworks;
			sourceTree = "<group>";
		};
/* End PBXGroup section */

/* Begin PBXNativeTarget section */
		1A9B9AED2432032D00CC50B0 /* LineTextFieldExample */ = {
			isa = PBXNativeTarget;
			buildConfigurationList = 1A9B9B022432033100CC50B0 /* Build configuration list for PBXNativeTarget "LineTextFieldExample" */;
			buildPhases = (
				1A9B9AEA2432032D00CC50B0 /* Sources */,
				1A9B9AEB2432032D00CC50B0 /* Frameworks */,
				1A9B9AEC2432032D00CC50B0 /* Resources */,
				1A9B9B152433059800CC50B0 /* Embed Frameworks */,
			);
			buildRules = (
			);
			dependencies = (
			);
			name = LineTextFieldExample;
			productName = LineTextFieldExample;
			productReference = 1A9B9AEE2432032D00CC50B0 /* LineTextFieldExample.app */;
			productType = "com.apple.product-type.application";
		};
/* End PBXNativeTarget section */

/* Begin PBXProject section */
		1A9B9AE62432032D00CC50B0 /* Project object */ = {
			isa = PBXProject;
			attributes = {
				LastSwiftUpdateCheck = 1140;
				LastUpgradeCheck = 1140;
				ORGANIZATIONNAME = "Anton Novichenko";
				TargetAttributes = {
					1A9B9AED2432032D00CC50B0 = {
						CreatedOnToolsVersion = 11.4;
					};
				};
			};
			buildConfigurationList = 1A9B9AE92432032D00CC50B0 /* Build configuration list for PBXProject "LineTextFieldExample" */;
			compatibilityVersion = "Xcode 9.3";
			developmentRegion = en;
			hasScannedForEncodings = 0;
			knownRegions = (
				en,
				Base,
			);
			mainGroup = 1A9B9AE52432032D00CC50B0;
			productRefGroup = 1A9B9AEF2432032D00CC50B0 /* Products */;
			projectDirPath = "";
			projectRoot = "";
			targets = (
				1A9B9AED2432032D00CC50B0 /* LineTextFieldExample */,
			);
		};
/* End PBXProject section */

/* Begin PBXResourcesBuildPhase section */
		1A9B9AEC2432032D00CC50B0 /* Resources */ = {
			isa = PBXResourcesBuildPhase;
			buildActionMask = 2147483647;
			files = (
				1A9B9AFE2432033100CC50B0 /* LaunchScreen.storyboard in Resources */,
				1A9B9AFB2432033100CC50B0 /* Assets.xcassets in Resources */,
				1A9B9AF92432032D00CC50B0 /* Main.storyboard in Resources */,
			);
			runOnlyForDeploymentPostprocessing = 0;
		};
/* End PBXResourcesBuildPhase section */

/* Begin PBXSourcesBuildPhase section */
		1A9B9AEA2432032D00CC50B0 /* Sources */ = {
			isa = PBXSourcesBuildPhase;
			buildActionMask = 2147483647;
			files = (
				1A9B9AF62432032D00CC50B0 /* ViewController.swift in Sources */,
				1A9B9AF22432032D00CC50B0 /* AppDelegate.swift in Sources */,
			);
			runOnlyForDeploymentPostprocessing = 0;
		};
/* End PBXSourcesBuildPhase section */

/* Begin PBXVariantGroup section */
		1A9B9AF72432032D00CC50B0 /* Main.storyboard */ = {
			isa = PBXVariantGroup;
			children = (
				1A9B9AF82432032D00CC50B0 /* Base */,
			);
			name = Main.storyboard;
			sourceTree = "<group>";
		};
		1A9B9AFC2432033100CC50B0 /* LaunchScreen.storyboard */ = {
			isa = PBXVariantGroup;
			children = (
				1A9B9AFD2432033100CC50B0 /* Base */,
			);
			name = LaunchScreen.storyboard;
			sourceTree = "<group>";
		};
/* End PBXVariantGroup section */

/* Begin XCBuildConfiguration section */
		1A9B9B002432033100CC50B0 /* Debug */ = {
			isa = XCBuildConfiguration;
			buildSettings = {
				ALWAYS_SEARCH_USER_PATHS = NO;
				CLANG_ANALYZER_NONNULL = YES;
				CLANG_ANALYZER_NUMBER_OBJECT_CONVERSION = YES_AGGRESSIVE;
				CLANG_CXX_LANGUAGE_STANDARD = "gnu++14";
				CLANG_CXX_LIBRARY = "libc++";
				CLANG_ENABLE_MODULES = YES;
				CLANG_ENABLE_OBJC_ARC = YES;
				CLANG_ENABLE_OBJC_WEAK = YES;
				CLANG_WARN_BLOCK_CAPTURE_AUTORELEASING = YES;
				CLANG_WARN_BOOL_CONVERSION = YES;
				CLANG_WARN_COMMA = YES;
				CLANG_WARN_CONSTANT_CONVERSION = YES;
				CLANG_WARN_DEPRECATED_OBJC_IMPLEMENTATIONS = YES;
				CLANG_WARN_DIRECT_OBJC_ISA_USAGE = YES_ERROR;
				CLANG_WARN_DOCUMENTATION_COMMENTS = YES;
				CLANG_WARN_EMPTY_BODY = YES;
				CLANG_WARN_ENUM_CONVERSION = YES;
				CLANG_WARN_INFINITE_RECURSION = YES;
				CLANG_WARN_INT_CONVERSION = YES;
				CLANG_WARN_NON_LITERAL_NULL_CONVERSION = YES;
				CLANG_WARN_OBJC_IMPLICIT_RETAIN_SELF = YES;
				CLANG_WARN_OBJC_LITERAL_CONVERSION = YES;
				CLANG_WARN_OBJC_ROOT_CLASS = YES_ERROR;
				CLANG_WARN_RANGE_LOOP_ANALYSIS = YES;
				CLANG_WARN_STRICT_PROTOTYPES = YES;
				CLANG_WARN_SUSPICIOUS_MOVE = YES;
				CLANG_WARN_UNGUARDED_AVAILABILITY = YES_AGGRESSIVE;
				CLANG_WARN_UNREACHABLE_CODE = YES;
				CLANG_WARN__DUPLICATE_METHOD_MATCH = YES;
				COPY_PHASE_STRIP = NO;
				DEBUG_INFORMATION_FORMAT = dwarf;
				ENABLE_STRICT_OBJC_MSGSEND = YES;
				ENABLE_TESTABILITY = YES;
				GCC_C_LANGUAGE_STANDARD = gnu11;
				GCC_DYNAMIC_NO_PIC = NO;
				GCC_NO_COMMON_BLOCKS = YES;
				GCC_OPTIMIZATION_LEVEL = 0;
				GCC_PREPROCESSOR_DEFINITIONS = (
					"DEBUG=1",
					"$(inherited)",
				);
				GCC_WARN_64_TO_32_BIT_CONVERSION = YES;
				GCC_WARN_ABOUT_RETURN_TYPE = YES_ERROR;
				GCC_WARN_UNDECLARED_SELECTOR = YES;
				GCC_WARN_UNINITIALIZED_AUTOS = YES_AGGRESSIVE;
				GCC_WARN_UNUSED_FUNCTION = YES;
				GCC_WARN_UNUSED_VARIABLE = YES;
				IPHONEOS_DEPLOYMENT_TARGET = 13.4;
				MTL_ENABLE_DEBUG_INFO = INCLUDE_SOURCE;
				MTL_FAST_MATH = YES;
				ONLY_ACTIVE_ARCH = YES;
				SDKROOT = iphoneos;
				SWIFT_ACTIVE_COMPILATION_CONDITIONS = DEBUG;
				SWIFT_OPTIMIZATION_LEVEL = "-Onone";
			};
			name = Debug;
		};
		1A9B9B012432033100CC50B0 /* Release */ = {
			isa = XCBuildConfiguration;
			buildSettings = {
				ALWAYS_SEARCH_USER_PATHS = NO;
				CLANG_ANALYZER_NONNULL = YES;
				CLANG_ANALYZER_NUMBER_OBJECT_CONVERSION = YES_AGGRESSIVE;
				CLANG_CXX_LANGUAGE_STANDARD = "gnu++14";
				CLANG_CXX_LIBRARY = "libc++";
				CLANG_ENABLE_MODULES = YES;
				CLANG_ENABLE_OBJC_ARC = YES;
				CLANG_ENABLE_OBJC_WEAK = YES;
				CLANG_WARN_BLOCK_CAPTURE_AUTORELEASING = YES;
				CLANG_WARN_BOOL_CONVERSION = YES;
				CLANG_WARN_COMMA = YES;
				CLANG_WARN_CONSTANT_CONVERSION = YES;
				CLANG_WARN_DEPRECATED_OBJC_IMPLEMENTATIONS = YES;
				CLANG_WARN_DIRECT_OBJC_ISA_USAGE = YES_ERROR;
				CLANG_WARN_DOCUMENTATION_COMMENTS = YES;
				CLANG_WARN_EMPTY_BODY = YES;
				CLANG_WARN_ENUM_CONVERSION = YES;
				CLANG_WARN_INFINITE_RECURSION = YES;
				CLANG_WARN_INT_CONVERSION = YES;
				CLANG_WARN_NON_LITERAL_NULL_CONVERSION = YES;
				CLANG_WARN_OBJC_IMPLICIT_RETAIN_SELF = YES;
				CLANG_WARN_OBJC_LITERAL_CONVERSION = YES;
				CLANG_WARN_OBJC_ROOT_CLASS = YES_ERROR;
				CLANG_WARN_RANGE_LOOP_ANALYSIS = YES;
				CLANG_WARN_STRICT_PROTOTYPES = YES;
				CLANG_WARN_SUSPICIOUS_MOVE = YES;
				CLANG_WARN_UNGUARDED_AVAILABILITY = YES_AGGRESSIVE;
				CLANG_WARN_UNREACHABLE_CODE = YES;
				CLANG_WARN__DUPLICATE_METHOD_MATCH = YES;
				COPY_PHASE_STRIP = NO;
				DEBUG_INFORMATION_FORMAT = "dwarf-with-dsym";
				ENABLE_NS_ASSERTIONS = NO;
				ENABLE_STRICT_OBJC_MSGSEND = YES;
				GCC_C_LANGUAGE_STANDARD = gnu11;
				GCC_NO_COMMON_BLOCKS = YES;
				GCC_WARN_64_TO_32_BIT_CONVERSION = YES;
				GCC_WARN_ABOUT_RETURN_TYPE = YES_ERROR;
				GCC_WARN_UNDECLARED_SELECTOR = YES;
				GCC_WARN_UNINITIALIZED_AUTOS = YES_AGGRESSIVE;
				GCC_WARN_UNUSED_FUNCTION = YES;
				GCC_WARN_UNUSED_VARIABLE = YES;
				IPHONEOS_DEPLOYMENT_TARGET = 13.4;
				MTL_ENABLE_DEBUG_INFO = NO;
				MTL_FAST_MATH = YES;
				SDKROOT = iphoneos;
				SWIFT_COMPILATION_MODE = wholemodule;
				SWIFT_OPTIMIZATION_LEVEL = "-O";
				VALIDATE_PRODUCT = YES;
			};
			name = Release;
		};
		1A9B9B032432033100CC50B0 /* Debug */ = {
			isa = XCBuildConfiguration;
			buildSettings = {
				ASSETCATALOG_COMPILER_APPICON_NAME = AppIcon;
				CODE_SIGN_STYLE = Automatic;
				DEVELOPMENT_TEAM = 3T5KF4YGPF;
				INFOPLIST_FILE = LineTextFieldExample/Info.plist;
				LD_RUNPATH_SEARCH_PATHS = (
					"$(inherited)",
					"@executable_path/Frameworks",
				);
				PRODUCT_BUNDLE_IDENTIFIER = by.an.LineTextFieldExample;
				PRODUCT_NAME = "$(TARGET_NAME)";
				SWIFT_VERSION = 5.0;
				TARGETED_DEVICE_FAMILY = "1,2";
			};
			name = Debug;
		};
		1A9B9B042432033100CC50B0 /* Release */ = {
			isa = XCBuildConfiguration;
			buildSettings = {
				ASSETCATALOG_COMPILER_APPICON_NAME = AppIcon;
				CODE_SIGN_STYLE = Automatic;
				DEVELOPMENT_TEAM = 3T5KF4YGPF;
				INFOPLIST_FILE = LineTextFieldExample/Info.plist;
				LD_RUNPATH_SEARCH_PATHS = (
					"$(inherited)",
					"@executable_path/Frameworks",
				);
				PRODUCT_BUNDLE_IDENTIFIER = by.an.LineTextFieldExample;
				PRODUCT_NAME = "$(TARGET_NAME)";
				SWIFT_VERSION = 5.0;
				TARGETED_DEVICE_FAMILY = "1,2";
			};
			name = Release;
		};
/* End XCBuildConfiguration section */

/* Begin XCConfigurationList section */
		1A9B9AE92432032D00CC50B0 /* Build configuration list for PBXProject "LineTextFieldExample" */ = {
			isa = XCConfigurationList;
			buildConfigurations = (
				1A9B9B002432033100CC50B0 /* Debug */,
				1A9B9B012432033100CC50B0 /* Release */,
			);
			defaultConfigurationIsVisible = 0;
			defaultConfigurationName = Release;
		};
		1A9B9B022432033100CC50B0 /* Build configuration list for PBXNativeTarget "LineTextFieldExample" */ = {
			isa = XCConfigurationList;
			buildConfigurations = (
				1A9B9B032432033100CC50B0 /* Debug */,
				1A9B9B042432033100CC50B0 /* Release */,
			);
			defaultConfigurationIsVisible = 0;
			defaultConfigurationName = Release;
		};
/* End XCConfigurationList section */
	};
	rootObject = 1A9B9AE62432032D00CC50B0 /* Project object */;
}
